
Microsoft Visual Studio Solution File, Format Version 12.00
# Visual Studio Version 17
VisualStudioVersion = 17.9.34714.143
MinimumVisualStudioVersion = 10.0.40219.1
Project("{9A19103F-16F7-4668-BE54-9A1E7A4F7556}") = "BookingMovieTickets", "BookingMovieTickets\BookingMovieTickets.csproj", "{F567871B-1E57-418F-A5D3-FE2358F4E004}"
EndProject
Global
	GlobalSection(SolutionConfigurationPlatforms) = preSolution
		Debug|Any CPU = Debug|Any CPU
		Release|Any CPU = Release|Any CPU
	EndGlobalSection
	GlobalSection(ProjectConfigurationPlatforms) = postSolution
		{F567871B-1E57-418F-A5D3-FE2358F4E004}.Debug|Any CPU.ActiveCfg = Debug|Any CPU
		{F567871B-1E57-418F-A5D3-FE2358F4E004}.Debug|Any CPU.Build.0 = Debug|Any CPU
		{F567871B-1E57-418F-A5D3-FE2358F4E004}.Release|Any CPU.ActiveCfg = Release|Any CPU
		{F567871B-1E57-418F-A5D3-FE2358F4E004}.Release|Any CPU.Build.0 = Release|Any CPU
	EndGlobalSection
	GlobalSection(SolutionProperties) = preSolution
		HideSolutionNode = FALSE
	EndGlobalSection
	GlobalSection(ExtensibilityGlobals) = postSolution
		SolutionGuid = {281E508E-D284-4369-BF33-23D912DCB071}
	EndGlobalSection
EndGlobal
